
Microsoft Visual Studio Solution File, Format Version 12.00
# Visual Studio Version 17
VisualStudioVersion = 17.4.33403.182
MinimumVisualStudioVersion = 10.0.40219.1
Project("{FAE04EC0-301F-11D3-BF4B-00C04F79EFBC}") = "WebProject", "WebProject\WebProject.csproj", "{301CD71C-9F66-44C6-9AD7-10A174FEB4EB}"
EndProject
Global
	GlobalSection(SolutionConfigurationPlatforms) = preSolution
		Debug|Any CPU = Debug|Any CPU
		Release|Any CPU = Release|Any CPU
	EndGlobalSection
	GlobalSection(ProjectConfigurationPlatforms) = postSolution
		{301CD71C-9F66-44C6-9AD7-10A174FEB4EB}.Debug|Any CPU.ActiveCfg = Debug|Any CPU
		{301CD71C-9F66-44C6-9AD7-10A174FEB4EB}.Debug|Any CPU.Build.0 = Debug|Any CPU
		{301CD71C-9F66-44C6-9AD7-10A174FEB4EB}.Release|Any CPU.ActiveCfg = Release|Any CPU
		{301CD71C-9F66-44C6-9AD7-10A174FEB4EB}.Release|Any CPU.Build.0 = Release|Any CPU
	EndGlobalSection
	GlobalSection(SolutionProperties) = preSolution
		HideSolutionNode = FALSE
	EndGlobalSection
	GlobalSection(ExtensibilityGlobals) = postSolution
		SolutionGuid = {A57C096D-362A-45D5-AE38-ADA53DDC5D38}
	EndGlobalSection
EndGlobal
