
Microsoft Visual Studio Solution File, Format Version 12.00
# Visual Studio Version 17
VisualStudioVersion = 17.4.33403.182
MinimumVisualStudioVersion = 10.0.40219.1
Project("{9A19103F-16F7-4668-BE54-9A1E7A4F7556}") = "WebProject", "WebProject\WebProject.csproj", "{301CD71C-9F66-44C6-9AD7-10A174FEB4EB}"
	ProjectSection(ProjectDependencies) = postProject
		{4B918BBD-4721-4F25-B648-761CE06CC576} = {4B918BBD-4721-4F25-B648-761CE06CC576}
	EndProjectSection
EndProject
Project("{9A19103F-16F7-4668-BE54-9A1E7A4F7556}") = "JustMySocksService", "JusyMySocksProvider\JustMySocksService.csproj", "{4B918BBD-4721-4F25-B648-761CE06CC576}"
EndProject
Project("{9A19103F-16F7-4668-BE54-9A1E7A4F7556}") = "MStest", "MStest\MStest.csproj", "{E6081ED8-79F7-4114-90F4-E5CF110D85B4}"
EndProject
Global
	GlobalSection(SolutionConfigurationPlatforms) = preSolution
		Debug|Any CPU = Debug|Any CPU
		Release|Any CPU = Release|Any CPU
	EndGlobalSection
	GlobalSection(ProjectConfigurationPlatforms) = postSolution
		{301CD71C-9F66-44C6-9AD7-10A174FEB4EB}.Debug|Any CPU.ActiveCfg = Debug|Any CPU
		{301CD71C-9F66-44C6-9AD7-10A174FEB4EB}.Debug|Any CPU.Build.0 = Debug|Any CPU
		{301CD71C-9F66-44C6-9AD7-10A174FEB4EB}.Release|Any CPU.ActiveCfg = Release|Any CPU
		{301CD71C-9F66-44C6-9AD7-10A174FEB4EB}.Release|Any CPU.Build.0 = Release|Any CPU
		{4B918BBD-4721-4F25-B648-761CE06CC576}.Debug|Any CPU.ActiveCfg = Debug|Any CPU
		{4B918BBD-4721-4F25-B648-761CE06CC576}.Debug|Any CPU.Build.0 = Debug|Any CPU
		{4B918BBD-4721-4F25-B648-761CE06CC576}.Release|Any CPU.ActiveCfg = Release|Any CPU
		{4B918BBD-4721-4F25-B648-761CE06CC576}.Release|Any CPU.Build.0 = Release|Any CPU
		{E6081ED8-79F7-4114-90F4-E5CF110D85B4}.Debug|Any CPU.ActiveCfg = Debug|Any CPU
		{E6081ED8-79F7-4114-90F4-E5CF110D85B4}.Debug|Any CPU.Build.0 = Debug|Any CPU
		{E6081ED8-79F7-4114-90F4-E5CF110D85B4}.Release|Any CPU.ActiveCfg = Release|Any CPU
		{E6081ED8-79F7-4114-90F4-E5CF110D85B4}.Release|Any CPU.Build.0 = Release|Any CPU
	EndGlobalSection
	GlobalSection(SolutionProperties) = preSolution
		HideSolutionNode = FALSE
	EndGlobalSection
	GlobalSection(ExtensibilityGlobals) = postSolution
		SolutionGuid = {A57C096D-362A-45D5-AE38-ADA53DDC5D38}
	EndGlobalSection
EndGlobal
